
Microsoft Visual Studio Solution File, Format Version 12.00
# Visual Studio Version 17
VisualStudioVersion = 17.2.32616.157
MinimumVisualStudioVersion = 10.0.40219.1
Project("{2150E333-8FDC-42A3-9474-1A3956D46DE8}") = "BuildItems", "BuildItems", "{4E9FB0E3-E20A-4B76-8091-A9ECF9649324}"
	ProjectSection(SolutionItems) = preProject
		BuildItems\AssemblyInfo.Build.props = BuildItems\AssemblyInfo.Build.props
		BuildItems\NuGetPack.Build.props = BuildItems\NuGetPack.Build.props
	EndProjectSection
EndProject
Project("{2150E333-8FDC-42A3-9474-1A3956D46DE8}") = "Configurations", "Configurations", "{03983952-A608-41A9-8E28-9DE71F03CFD8}"
	ProjectSection(SolutionItems) = preProject
		.gitattributes = .gitattributes
		.gitignore = .gitignore
	EndProjectSection
EndProject
Project("{2150E333-8FDC-42A3-9474-1A3956D46DE8}") = "RepositoryItems", "RepositoryItems", "{5042C94D-8A33-49AB-BAD9-9B9E21A4E2C2}"
	ProjectSection(SolutionItems) = preProject
		LICENSE.txt = LICENSE.txt
		README.md = README.md
	EndProjectSection
EndProject
Project("{9A19103F-16F7-4668-BE54-9A1E7A4F7556}") = "RangeForeach", "RangeForeach\RangeForeach.csproj", "{EDB0E56C-FD4E-494C-9EB9-87300E8D4DC9}"
EndProject
Project("{9A19103F-16F7-4668-BE54-9A1E7A4F7556}") = "RangeForeach.UnitTests", "RangeForeach.UnitTests\RangeForeach.UnitTests.csproj", "{BF828AE3-4E5E-4883-8DDD-D29E290CC8B0}"
EndProject
Project("{9A19103F-16F7-4668-BE54-9A1E7A4F7556}") = "RangeForeach.Benchmarks", "RangeForeach.Benchmarks\RangeForeach.Benchmarks.csproj", "{26CAD5B1-E8BE-4DDE-8E6E-0C9E451C1847}"
EndProject
Project("{9A19103F-16F7-4668-BE54-9A1E7A4F7556}") = "RangeForeach.Sources", "RangeForeach.Sources\RangeForeach.Sources.csproj", "{AC764C05-F45C-438B-AC3C-046F520A54C3}"
EndProject
Global
	GlobalSection(SolutionConfigurationPlatforms) = preSolution
		Debug|Any CPU = Debug|Any CPU
		Release|Any CPU = Release|Any CPU
	EndGlobalSection
	GlobalSection(ProjectConfigurationPlatforms) = postSolution
		{EDB0E56C-FD4E-494C-9EB9-87300E8D4DC9}.Debug|Any CPU.ActiveCfg = Debug|Any CPU
		{EDB0E56C-FD4E-494C-9EB9-87300E8D4DC9}.Debug|Any CPU.Build.0 = Debug|Any CPU
		{EDB0E56C-FD4E-494C-9EB9-87300E8D4DC9}.Release|Any CPU.ActiveCfg = Release|Any CPU
		{EDB0E56C-FD4E-494C-9EB9-87300E8D4DC9}.Release|Any CPU.Build.0 = Release|Any CPU
		{BF828AE3-4E5E-4883-8DDD-D29E290CC8B0}.Debug|Any CPU.ActiveCfg = Debug|Any CPU
		{BF828AE3-4E5E-4883-8DDD-D29E290CC8B0}.Debug|Any CPU.Build.0 = Debug|Any CPU
		{BF828AE3-4E5E-4883-8DDD-D29E290CC8B0}.Release|Any CPU.ActiveCfg = Release|Any CPU
		{BF828AE3-4E5E-4883-8DDD-D29E290CC8B0}.Release|Any CPU.Build.0 = Release|Any CPU
		{26CAD5B1-E8BE-4DDE-8E6E-0C9E451C1847}.Debug|Any CPU.ActiveCfg = Debug|Any CPU
		{26CAD5B1-E8BE-4DDE-8E6E-0C9E451C1847}.Debug|Any CPU.Build.0 = Debug|Any CPU
		{26CAD5B1-E8BE-4DDE-8E6E-0C9E451C1847}.Release|Any CPU.ActiveCfg = Release|Any CPU
		{26CAD5B1-E8BE-4DDE-8E6E-0C9E451C1847}.Release|Any CPU.Build.0 = Release|Any CPU
		{AC764C05-F45C-438B-AC3C-046F520A54C3}.Debug|Any CPU.ActiveCfg = Debug|Any CPU
		{AC764C05-F45C-438B-AC3C-046F520A54C3}.Debug|Any CPU.Build.0 = Debug|Any CPU
		{AC764C05-F45C-438B-AC3C-046F520A54C3}.Release|Any CPU.ActiveCfg = Release|Any CPU
		{AC764C05-F45C-438B-AC3C-046F520A54C3}.Release|Any CPU.Build.0 = Release|Any CPU
	EndGlobalSection
	GlobalSection(SolutionProperties) = preSolution
		HideSolutionNode = FALSE
	EndGlobalSection
	GlobalSection(ExtensibilityGlobals) = postSolution
		SolutionGuid = {F019826A-FFF3-4DD4-B116-D89EB8131DAF}
	EndGlobalSection
EndGlobal
